{
  "name": "quasar-app-extension-vuelidate-rules",
  "version": "0.5.1",
  "lockfileVersion": 1,
  "requires": true,
  "dependencies": {
    "@vuelidate/validators": {
      "version": "2.0.0-alpha.22",
      "resolved": "https://registry.npmjs.org/@vuelidate/validators/-/validators-2.0.0-alpha.22.tgz",
      "integrity": "sha512-5ddlzwqH9CZpbqCU8SGUI10Sh6JhLB99gfh7l1S2c38gi7ZGP3CVfBk4ETFNoDg+o6SHab660kuAqIzmE+X9SQ==",
      "requires": {
        "vue-demi": "^0.11.3"
      }
    },
    "vue-demi": {
      "version": "0.11.4",
      "resolved": "https://registry.npmjs.org/vue-demi/-/vue-demi-0.11.4.tgz",
      "integrity": "sha512-/3xFwzSykLW2HiiLie43a+FFgNOcokbBJ+fzvFXd0r2T8MYohqvphUyDQ8lbAwzQ3Dlcrb1c9ykifGkhSIAk6A=="
    }
  }
}
